
Microsoft Visual Studio Solution File, Format Version 12.00
# Visual Studio Version 17
VisualStudioVersion = 17.0.31903.59
MinimumVisualStudioVersion = 10.0.40219.1
Project("{2150E333-8FDC-42A3-9474-1A3956D46DE8}") = "src", "src", "{8FC126E3-64B5-4032-9266-3A5E10B738DA}"
EndProject
Project("{FAE04EC0-301F-11D3-BF4B-00C04F79EFBC}") = "cswm.Core", "src\cswm.Core\cswm.Core.csproj", "{55D9AC08-E43E-4A61-AD54-C3BC429DD859}"
EndProject
Project("{2150E333-8FDC-42A3-9474-1A3956D46DE8}") = "test", "test", "{8BF24B00-A74D-4DEC-9151-3E814C3C9139}"
EndProject
Project("{FAE04EC0-301F-11D3-BF4B-00C04F79EFBC}") = "cswm.Core.Test", "test\cswm.Core.Test\cswm.Core.Test.csproj", "{C22A444D-9D25-42D1-B310-94CA9320603C}"
EndProject
Global
	GlobalSection(SolutionConfigurationPlatforms) = preSolution
		Debug|Any CPU = Debug|Any CPU
		Release|Any CPU = Release|Any CPU
	EndGlobalSection
	GlobalSection(ProjectConfigurationPlatforms) = postSolution
		{55D9AC08-E43E-4A61-AD54-C3BC429DD859}.Debug|Any CPU.ActiveCfg = Debug|Any CPU
		{55D9AC08-E43E-4A61-AD54-C3BC429DD859}.Debug|Any CPU.Build.0 = Debug|Any CPU
		{55D9AC08-E43E-4A61-AD54-C3BC429DD859}.Release|Any CPU.ActiveCfg = Release|Any CPU
		{55D9AC08-E43E-4A61-AD54-C3BC429DD859}.Release|Any CPU.Build.0 = Release|Any CPU
		{C22A444D-9D25-42D1-B310-94CA9320603C}.Debug|Any CPU.ActiveCfg = Debug|Any CPU
		{C22A444D-9D25-42D1-B310-94CA9320603C}.Debug|Any CPU.Build.0 = Debug|Any CPU
		{C22A444D-9D25-42D1-B310-94CA9320603C}.Release|Any CPU.ActiveCfg = Release|Any CPU
		{C22A444D-9D25-42D1-B310-94CA9320603C}.Release|Any CPU.Build.0 = Release|Any CPU
	EndGlobalSection
	GlobalSection(SolutionProperties) = preSolution
		HideSolutionNode = FALSE
	EndGlobalSection
	GlobalSection(NestedProjects) = preSolution
		{55D9AC08-E43E-4A61-AD54-C3BC429DD859} = {8FC126E3-64B5-4032-9266-3A5E10B738DA}
		{C22A444D-9D25-42D1-B310-94CA9320603C} = {8BF24B00-A74D-4DEC-9151-3E814C3C9139}
	EndGlobalSection
EndGlobal
