
Microsoft Visual Studio Solution File, Format Version 12.00
# Visual Studio Version 17
VisualStudioVersion = 17.3.32929.385
MinimumVisualStudioVersion = 10.0.40219.1
Project("{9A19103F-16F7-4668-BE54-9A1E7A4F7556}") = "cswm", "cswm\cswm.csproj", "{FD970275-BF9D-4B79-B4A0-B739153C3411}"
EndProject
Project("{2150E333-8FDC-42A3-9474-1A3956D46DE8}") = "Solution Items", "Solution Items", "{4EB65A3A-2126-4764-8683-735B1CEE16F5}"
	ProjectSection(SolutionItems) = preProject
		..\.github\workflows\dotnet.yml = ..\.github\workflows\dotnet.yml
		..\README.md = ..\README.md
	EndProjectSection
EndProject
Project("{9A19103F-16F7-4668-BE54-9A1E7A4F7556}") = "cswm.Tests", "..\test\cswm.Tests\cswm.Tests.csproj", "{45C5A52A-CF9E-4F53-BE98-D501EADA3CBA}"
EndProject
Global
	GlobalSection(SolutionConfigurationPlatforms) = preSolution
		Debug|Any CPU = Debug|Any CPU
		Release|Any CPU = Release|Any CPU
	EndGlobalSection
	GlobalSection(ProjectConfigurationPlatforms) = postSolution
		{FD970275-BF9D-4B79-B4A0-B739153C3411}.Debug|Any CPU.ActiveCfg = Debug|Any CPU
		{FD970275-BF9D-4B79-B4A0-B739153C3411}.Debug|Any CPU.Build.0 = Debug|Any CPU
		{FD970275-BF9D-4B79-B4A0-B739153C3411}.Release|Any CPU.ActiveCfg = Release|Any CPU
		{FD970275-BF9D-4B79-B4A0-B739153C3411}.Release|Any CPU.Build.0 = Release|Any CPU
		{45C5A52A-CF9E-4F53-BE98-D501EADA3CBA}.Debug|Any CPU.ActiveCfg = Debug|Any CPU
		{45C5A52A-CF9E-4F53-BE98-D501EADA3CBA}.Debug|Any CPU.Build.0 = Debug|Any CPU
		{45C5A52A-CF9E-4F53-BE98-D501EADA3CBA}.Release|Any CPU.ActiveCfg = Release|Any CPU
		{45C5A52A-CF9E-4F53-BE98-D501EADA3CBA}.Release|Any CPU.Build.0 = Release|Any CPU
	EndGlobalSection
	GlobalSection(SolutionProperties) = preSolution
		HideSolutionNode = FALSE
	EndGlobalSection
	GlobalSection(ExtensibilityGlobals) = postSolution
		SolutionGuid = {BD216211-0CAA-45C9-A092-AE6384D367D7}
	EndGlobalSection
EndGlobal
